
Microsoft Visual Studio Solution File, Format Version 12.00
# Visual Studio Version 17
VisualStudioVersion = 17.8.34511.84
MinimumVisualStudioVersion = 10.0.40219.1
Project("{FAE04EC0-301F-11D3-BF4B-00C04F79EFBC}") = "GitApp-PAT", "GitApp-PAT\GitApp-PAT.csproj", "{E0E84F31-A9ED-4D2C-938C-79D86D5F0B0F}"
EndProject
Global
	GlobalSection(SolutionConfigurationPlatforms) = preSolution
		Debug|Any CPU = Debug|Any CPU
		Release|Any CPU = Release|Any CPU
	EndGlobalSection
	GlobalSection(ProjectConfigurationPlatforms) = postSolution
		{E0E84F31-A9ED-4D2C-938C-79D86D5F0B0F}.Debug|Any CPU.ActiveCfg = Debug|Any CPU
		{E0E84F31-A9ED-4D2C-938C-79D86D5F0B0F}.Debug|Any CPU.Build.0 = Debug|Any CPU
		{E0E84F31-A9ED-4D2C-938C-79D86D5F0B0F}.Release|Any CPU.ActiveCfg = Release|Any CPU
		{E0E84F31-A9ED-4D2C-938C-79D86D5F0B0F}.Release|Any CPU.Build.0 = Release|Any CPU
	EndGlobalSection
	GlobalSection(SolutionProperties) = preSolution
		HideSolutionNode = FALSE
	EndGlobalSection
	GlobalSection(ExtensibilityGlobals) = postSolution
		SolutionGuid = {BCA3C5AE-2F5A-4E5F-BA9D-9DC2063C681B}
	EndGlobalSection
EndGlobal
